{
  "meteor": {},
  "dependencies": {
    "basePackages": {
      "paginated-subscription": {}
    },
    "packages": {
      "paginated-subscription": {
        "git": "https://github.com/tmeasday/meteor-paginated-subscription.git",
        "tag": "v0.2.2",
        "commit": "2133a2163575f569f90253f81314f21b2bf08d20"
      }
    }
  }
}
